
Microsoft Visual Studio Solution File, Format Version 12.00
# Visual Studio Version 16
VisualStudioVersion = 16.0.30717.126
MinimumVisualStudioVersion = 10.0.40219.1
Project("{FAE04EC0-301F-11D3-BF4B-00C04F79EFBC}") = "25codegen", "25codegen.csproj", "{8F2F8A53-07FE-4F47-B0C6-256F7F9D70CE}"
EndProject
Global
	GlobalSection(SolutionConfigurationPlatforms) = preSolution
		Debug|Any CPU = Debug|Any CPU
		Release|Any CPU = Release|Any CPU
	EndGlobalSection
	GlobalSection(ProjectConfigurationPlatforms) = postSolution
		{8F2F8A53-07FE-4F47-B0C6-256F7F9D70CE}.Debug|Any CPU.ActiveCfg = Debug|Any CPU
		{8F2F8A53-07FE-4F47-B0C6-256F7F9D70CE}.Debug|Any CPU.Build.0 = Debug|Any CPU
		{8F2F8A53-07FE-4F47-B0C6-256F7F9D70CE}.Release|Any CPU.ActiveCfg = Release|Any CPU
		{8F2F8A53-07FE-4F47-B0C6-256F7F9D70CE}.Release|Any CPU.Build.0 = Release|Any CPU
	EndGlobalSection
	GlobalSection(SolutionProperties) = preSolution
		HideSolutionNode = FALSE
	EndGlobalSection
	GlobalSection(ExtensibilityGlobals) = postSolution
		SolutionGuid = {7C25AB43-A930-4E88-94F4-8BE9A0345202}
	EndGlobalSection
EndGlobal
